
Microsoft Visual Studio Solution File, Format Version 12.00
# Visual Studio 14
VisualStudioVersion = 14.0.25420.1
MinimumVisualStudioVersion = 10.0.40219.1
Project("{FAE04EC0-301F-11D3-BF4B-00C04F79EFBC}") = "TelephoneDirectory", "TelephoneDirectory\TelephoneDirectory.csproj", "{4DFE8D2E-9FAF-4CE9-9676-391F1C54E15B}"
EndProject
Global
	GlobalSection(SolutionConfigurationPlatforms) = preSolution
		Debug|Any CPU = Debug|Any CPU
		Release|Any CPU = Release|Any CPU
	EndGlobalSection
	GlobalSection(ProjectConfigurationPlatforms) = postSolution
		{4DFE8D2E-9FAF-4CE9-9676-391F1C54E15B}.Debug|Any CPU.ActiveCfg = Debug|Any CPU
		{4DFE8D2E-9FAF-4CE9-9676-391F1C54E15B}.Debug|Any CPU.Build.0 = Debug|Any CPU
		{4DFE8D2E-9FAF-4CE9-9676-391F1C54E15B}.Release|Any CPU.ActiveCfg = Release|Any CPU
		{4DFE8D2E-9FAF-4CE9-9676-391F1C54E15B}.Release|Any CPU.Build.0 = Release|Any CPU
	EndGlobalSection
	GlobalSection(SolutionProperties) = preSolution
		HideSolutionNode = FALSE
	EndGlobalSection
EndGlobal
